
Microsoft Visual Studio Solution File, Format Version 12.00
# Visual Studio 15
VisualStudioVersion = 15.0.26730.8
MinimumVisualStudioVersion = 10.0.40219.1
Project("{FAE04EC0-301F-11D3-BF4B-00C04F79EFBC}") = "Hobbit_Farnell", "Hobbit_Farnell\Hobbit_Farnell.csproj", "{D8C693E6-C9F2-4F2D-878A-A961BB2C2D34}"
EndProject
Global
	GlobalSection(SolutionConfigurationPlatforms) = preSolution
		Debug|Any CPU = Debug|Any CPU
		Release|Any CPU = Release|Any CPU
	EndGlobalSection
	GlobalSection(ProjectConfigurationPlatforms) = postSolution
		{D8C693E6-C9F2-4F2D-878A-A961BB2C2D34}.Debug|Any CPU.ActiveCfg = Debug|Any CPU
		{D8C693E6-C9F2-4F2D-878A-A961BB2C2D34}.Debug|Any CPU.Build.0 = Debug|Any CPU
		{D8C693E6-C9F2-4F2D-878A-A961BB2C2D34}.Release|Any CPU.ActiveCfg = Release|Any CPU
		{D8C693E6-C9F2-4F2D-878A-A961BB2C2D34}.Release|Any CPU.Build.0 = Release|Any CPU
	EndGlobalSection
	GlobalSection(SolutionProperties) = preSolution
		HideSolutionNode = FALSE
	EndGlobalSection
	GlobalSection(ExtensibilityGlobals) = postSolution
		SolutionGuid = {61816A97-85A6-44FD-846D-BA3F5D09122B}
	EndGlobalSection
EndGlobal
